PODS:
  - DeepDiff (2.0.1)
  - Differ (1.4.1)
  - DifferenceKit (1.1.2):
    - DifferenceKit/Core (= 1.1.2)
    - DifferenceKit/UIKitExtension (= 1.1.2)
  - DifferenceKit/Core (1.1.2)
  - DifferenceKit/UIKitExtension (1.1.2):
    - DifferenceKit/Core
  - Differentiator (4.0.1)
  - Dwifft (0.9)
  - FlexibleDiff (0.0.8)
  - IGListKit (3.4.0):
    - IGListKit/Default (= 3.4.0)
  - IGListKit/Default (3.4.0):
    - IGListKit/Diffing
  - IGListKit/Diffing (3.4.0)

DEPENDENCIES:
  - DeepDiff (= 2.0.1)
  - Differ (= 1.4.1)
  - DifferenceKit (from `../`)
  - Differentiator (= 4.0.1)
  - Dwifft (= 0.9)
  - FlexibleDiff (= 0.0.8)
  - IGListKit (= 3.4.0)

SPEC REPOS:
  https://github.com/cocoapods/specs.git:
    - DeepDiff
    - Differ
    - Differentiator
    - Dwifft
    - FlexibleDiff
    - IGListKit

EXTERNAL SOURCES:
  DifferenceKit:
    :path: "../"

SPEC CHECKSUMS:
  DeepDiff: 1944bb2c841ab238a66b31de1faa7627f3ca84bd
  Differ: ca4350872e32a1aeedf3d9e2d9e47127833bfa9c
  DifferenceKit: 3a1cff9ac9a9cdf2a3f205671067797e83c3f066
  Differentiator: 886080237d9f87f322641dedbc5be257061b0602
  Dwifft: 42912068ed2a8146077d1a1404df18625bd086e1
  FlexibleDiff: 4f487778bd152088a9528a0a9be06eba7952bb00
  IGListKit: 7a5d788e9fb746bcd402baa8e8b24bc3bd2a5a07

PODFILE CHECKSUM: 23af01fe899c46fcc51f3bfb5ea8d445f4c1d895

COCOAPODS: 1.7.0.rc.1
